{
  "version": 4,
  "terraform_version": "1.15.2",
  "serial": 21,
  "lineage": "7cfb3a5e-adf1-e3ab-0bf1-b8fb4a3ad275",
  "outputs": {
    "acr_login_server": {
      "value": "jobshamanacr.azurecr.io",
      "type": "string"
    },
    "app_insights_instrumentation_key": {
      "value": "d27a18d2-304d-4a80-99c5-71761e833649",
      "type": "string",
      "sensitive": true
    },
    "postgres_admin_password": {
      "value": "B{7Q:-1DUfSF9u*R",
      "type": "string",
      "sensitive": true
    }
  },
  "resources": [
    {
      "mode": "data",
      "type": "azurerm_client_config",
      "name": "current",
      "provider": "provider[\"registry.terraform.io/hashicorp/azurerm\"]",
      "instances": [
        {
          "schema_version": 0,
          "attributes": {
            "client_id": "04b07795-8ddb-461a-bbee-02f9e1bf7b46",
            "id": "Y2xpZW50Q29uZmlncy9jbGllbnRJZD0wNGIwNzc5NS04ZGRiLTQ2MWEtYmJlZS0wMmY5ZTFiZjdiNDY7b2JqZWN0SWQ9MjljN2M2ZGQtZmQ0NC00MjIwLWFiMTMtMzk2YjAzYjY1MDBjO3N1YnNjcmlwdGlvbklkPTExODg4NzkyLWEyYWMtNDk1Yi1iNWQ0LTAyMTBlYTk1ZGQ1Mjt0ZW5hbnRJZD01NGFlNzY1MS01MzI4LTQ3NDYtYWYxYy1hZWZkN2YxMzI3NmM=",
            "object_id": "29c7c6dd-fd44-4220-ab13-396b03b6500c",
            "subscription_id": "11888792-a2ac-495b-b5d4-0210ea95dd52",
            "tenant_id": "54ae7651-5328-4746-af1c-aefd7f13276c",
            "timeouts": null
          },
          "sensitive_attributes": [],
          "identity_schema_version": 0
        }
      ]
    },
    {
      "mode": "managed",
      "type": "azurerm_application_insights",
      "name": "ai",
      "provider": "provider[\"registry.terraform.io/hashicorp/azurerm\"]",
      "instances": [
        {
          "schema_version": 2,
          "attributes": {
            "app_id": "a45f8fab-0256-4f3f-b17f-37886dd0207d",
            "application_type": "web",
            "connection_string": "InstrumentationKey=d27a18d2-304d-4a80-99c5-71761e833649;IngestionEndpoint=https://westeurope-5.in.applicationinsights.azure.com/;LiveEndpoint=https://westeurope.livediagnostics.monitor.azure.com/;ApplicationId=a45f8fab-0256-4f3f-b17f-37886dd0207d",
            "daily_data_cap_in_gb": 100,
            "daily_data_cap_notifications_disabled": false,
            "disable_ip_masking": false,
            "force_customer_storage_for_profiler": false,
            "id": "/subscriptions/11888792-a2ac-495b-b5d4-0210ea95dd52/resourceGroups/jobshaman-prod/providers/Microsoft.Insights/components/jobshaman-insights",
            "instrumentation_key": "d27a18d2-304d-4a80-99c5-71761e833649",
            "internet_ingestion_enabled": true,
            "internet_query_enabled": true,
            "local_authentication_disabled": false,
            "location": "westeurope",
            "name": "jobshaman-insights",
            "resource_group_name": "jobshaman-prod",
            "retention_in_days": 90,
            "sampling_percentage": 100,
            "tags": {},
            "timeouts": null,
            "workspace_id": "/subscriptions/11888792-a2ac-495b-b5d4-0210ea95dd52/resourceGroups/ai_jobshaman-insights_a45f8fab-0256-4f3f-b17f-37886dd0207d_managed/providers/Microsoft.OperationalInsights/workspaces/managed-jobshaman-insights-ws"
          },
          "sensitive_attributes": [
            [
              {
                "type": "get_attr",
                "value": "connection_string"
              }
            ],
            [
              {
                "type": "get_attr",
                "value": "instrumentation_key"
              }
            ]
          ],
          "identity_schema_version": 0,
          "private": "eyJlMmJmYjczMC1lY2FhLTExZTYtOGY4OC0zNDM2M2JjN2M0YzAiOnsiY3JlYXRlIjozNjAwMDAwMDAwMDAwLCJkZWxldGUiOjE4MDAwMDAwMDAwMDAsInJlYWQiOjMwMDAwMDAwMDAwMCwidXBkYXRlIjoxODAwMDAwMDAwMDAwfSwic2NoZW1hX3ZlcnNpb24iOiIyIn0=",
          "dependencies": [
            "azurerm_resource_group.rg"
          ]
        }
      ]
    },
    {
      "mode": "managed",
      "type": "azurerm_container_group",
      "name": "api",
      "provider": "provider[\"registry.terraform.io/hashicorp/azurerm\"]",
      "instances": [
        {
          "schema_version": 0,
          "attributes": {
            "container": [
              {
                "commands": [],
                "cpu": 0.5,
                "cpu_limit": 0,
                "environment_variables": {},
                "gpu": [],
                "gpu_limit": [],
                "image": "jobshamanacr.azurecr.io/jobshaman-api:latest",
                "liveness_probe": [],
                "memory": 1,
                "memory_limit": 0,
                "name": "api",
                "ports": [
                  {
                    "port": 8000,
                    "protocol": "TCP"
                  }
                ],
                "readiness_probe": [],
                "secure_environment_variables": {},
                "security": [],
                "volume": []
              }
            ],
            "diagnostics": [],
            "dns_config": [],
            "dns_name_label": "",
            "dns_name_label_reuse_policy": "Unsecure",
            "exposed_port": [
              {
                "port": 8000,
                "protocol": "TCP"
              }
            ],
            "fqdn": "",
            "id": "/subscriptions/11888792-a2ac-495b-b5d4-0210ea95dd52/resourceGroups/jobshaman-prod/providers/Microsoft.ContainerInstance/containerGroups/jobshaman-api-cg",
            "identity": [],
            "image_registry_credential": [
              {
                "password": "4ZL3ybsB6KwOqU24DfRGqSky7C0tR4xyr0Aw96vOPd7qSE3UyHCkJQQJ99CEAC5RqLJEqg7NAAACAZCR3TJA",
                "server": "jobshamanacr.azurecr.io",
                "user_assigned_identity_id": "",
                "username": "jobshamanacr"
              }
            ],
            "init_container": [],
            "ip_address": "20.76.221.22",
            "ip_address_type": "Public",
            "key_vault_key_id": null,
            "key_vault_user_assigned_identity_id": null,
            "location": "westeurope",
            "name": "jobshaman-api-cg",
            "network_profile_id": null,
            "os_type": "Linux",
            "priority": "",
            "resource_group_name": "jobshaman-prod",
            "restart_policy": "OnFailure",
            "sku": "Standard",
            "subnet_ids": [],
            "tags": {
              "environment": "prod"
            },
            "timeouts": null,
            "zones": []
          },
          "sensitive_attributes": [
            [
              {
                "type": "get_attr",
                "value": "container"
              },
              {
                "type": "index",
                "value": {
                  "value": 0,
                  "type": "number"
                }
              },
              {
                "type": "get_attr",
                "value": "secure_environment_variables"
              }
            ],
            [
              {
                "type": "get_attr",
                "value": "image_registry_credential"
              },
              {
                "type": "index",
                "value": {
                  "value": 0,
                  "type": "number"
                }
              },
              {
                "type": "get_attr",
                "value": "password"
              }
            ]
          ],
          "identity_schema_version": 0,
          "private": "eyJlMmJmYjczMC1lY2FhLTExZTYtOGY4OC0zNDM2M2JjN2M0YzAiOnsiY3JlYXRlIjozNjAwMDAwMDAwMDAwLCJkZWxldGUiOjE4MDAwMDAwMDAwMDAsInJlYWQiOjMwMDAwMDAwMDAwMCwidXBkYXRlIjoxODAwMDAwMDAwMDAwfX0=",
          "dependencies": [
            "azurerm_container_registry.acr",
            "azurerm_resource_group.rg"
          ]
        }
      ]
    },
    {
      "mode": "managed",
      "type": "azurerm_container_registry",
      "name": "acr",
      "provider": "provider[\"registry.terraform.io/hashicorp/azurerm\"]",
      "instances": [
        {
          "schema_version": 2,
          "attributes": {
            "admin_enabled": true,
            "admin_password": "4ZL3ybsB6KwOqU24DfRGqSky7C0tR4xyr0Aw96vOPd7qSE3UyHCkJQQJ99CEAC5RqLJEqg7NAAACAZCR3TJA",
            "admin_username": "jobshamanacr",
            "anonymous_pull_enabled": false,
            "data_endpoint_enabled": false,
            "encryption": [
              {
                "enabled": false,
                "identity_client_id": "",
                "key_vault_key_id": ""
              }
            ],
            "export_policy_enabled": true,
            "georeplications": [],
            "id": "/subscriptions/11888792-a2ac-495b-b5d4-0210ea95dd52/resourceGroups/jobshaman-prod/providers/Microsoft.ContainerRegistry/registries/jobshamanacr",
            "identity": [],
            "location": "westeurope",
            "login_server": "jobshamanacr.azurecr.io",
            "name": "jobshamanacr",
            "network_rule_bypass_option": "AzureServices",
            "network_rule_set": [],
            "public_network_access_enabled": true,
            "quarantine_policy_enabled": false,
            "resource_group_name": "jobshaman-prod",
            "retention_policy": [
              {
                "days": 7,
                "enabled": false
              }
            ],
            "sku": "Basic",
            "tags": {},
            "timeouts": null,
            "trust_policy": [
              {
                "enabled": false
              }
            ],
            "zone_redundancy_enabled": false
          },
          "sensitive_attributes": [
            [
              {
                "type": "get_attr",
                "value": "admin_password"
              }
            ]
          ],
          "identity_schema_version": 0,
          "private": "eyJlMmJmYjczMC1lY2FhLTExZTYtOGY4OC0zNDM2M2JjN2M0YzAiOnsiY3JlYXRlIjoxODAwMDAwMDAwMDAwLCJkZWxldGUiOjE4MDAwMDAwMDAwMDAsInJlYWQiOjMwMDAwMDAwMDAwMCwidXBkYXRlIjoxODAwMDAwMDAwMDAwfSwic2NoZW1hX3ZlcnNpb24iOiIyIn0=",
          "dependencies": [
            "azurerm_resource_group.rg"
          ]
        }
      ]
    },
    {
      "mode": "managed",
      "type": "azurerm_key_vault",
      "name": "kv",
      "provider": "provider[\"registry.terraform.io/hashicorp/azurerm\"]",
      "instances": [
        {
          "schema_version": 2,
          "attributes": {
            "access_policy": [
              {
                "application_id": "",
                "certificate_permissions": [],
                "key_permissions": [],
                "object_id": "29c7c6dd-fd44-4220-ab13-396b03b6500c",
                "secret_permissions": [
                  "Get",
                  "List",
                  "Set",
                  "Delete"
                ],
                "storage_permissions": [],
                "tenant_id": "54ae7651-5328-4746-af1c-aefd7f13276c"
              }
            ],
            "contact": [],
            "enable_rbac_authorization": false,
            "enabled_for_deployment": false,
            "enabled_for_disk_encryption": false,
            "enabled_for_template_deployment": false,
            "id": "/subscriptions/11888792-a2ac-495b-b5d4-0210ea95dd52/resourceGroups/jobshaman-prod/providers/Microsoft.KeyVault/vaults/jobshaman-vault",
            "location": "westeurope",
            "name": "jobshaman-vault",
            "network_acls": [
              {
                "bypass": "AzureServices",
                "default_action": "Allow",
                "ip_rules": [],
                "virtual_network_subnet_ids": []
              }
            ],
            "public_network_access_enabled": true,
            "purge_protection_enabled": false,
            "resource_group_name": "jobshaman-prod",
            "sku_name": "standard",
            "soft_delete_retention_days": 90,
            "tags": {},
            "tenant_id": "54ae7651-5328-4746-af1c-aefd7f13276c",
            "timeouts": null,
            "vault_uri": "https://jobshaman-vault.vault.azure.net/"
          },
          "sensitive_attributes": [],
          "identity_schema_version": 0,
          "private": "eyJlMmJmYjczMC1lY2FhLTExZTYtOGY4OC0zNDM2M2JjN2M0YzAiOnsiY3JlYXRlIjoxODAwMDAwMDAwMDAwLCJkZWxldGUiOjE4MDAwMDAwMDAwMDAsInJlYWQiOjMwMDAwMDAwMDAwMCwidXBkYXRlIjoxODAwMDAwMDAwMDAwfSwic2NoZW1hX3ZlcnNpb24iOiIyIn0=",
          "dependencies": [
            "azurerm_resource_group.rg",
            "data.azurerm_client_config.current"
          ]
        }
      ]
    },
    {
      "mode": "managed",
      "type": "azurerm_key_vault_secret",
      "name": "db_url",
      "provider": "provider[\"registry.terraform.io/hashicorp/azurerm\"]",
      "instances": [
        {
          "schema_version": 0,
          "attributes": {
            "content_type": "",
            "expiration_date": null,
            "id": "https://jobshaman-vault.vault.azure.net/secrets/DATABASE-URL/4bfcddfd53464459bb6a441d9313b611",
            "key_vault_id": "/subscriptions/11888792-a2ac-495b-b5d4-0210ea95dd52/resourceGroups/jobshaman-prod/providers/Microsoft.KeyVault/vaults/jobshaman-vault",
            "name": "DATABASE-URL",
            "not_before_date": null,
            "resource_id": "/subscriptions/11888792-a2ac-495b-b5d4-0210ea95dd52/resourceGroups/jobshaman-prod/providers/Microsoft.KeyVault/vaults/jobshaman-vault/secrets/DATABASE-URL/versions/4bfcddfd53464459bb6a441d9313b611",
            "resource_versionless_id": "/subscriptions/11888792-a2ac-495b-b5d4-0210ea95dd52/resourceGroups/jobshaman-prod/providers/Microsoft.KeyVault/vaults/jobshaman-vault/secrets/DATABASE-URL",
            "tags": {},
            "timeouts": null,
            "value": "",
            "version": "4bfcddfd53464459bb6a441d9313b611",
            "versionless_id": "https://jobshaman-vault.vault.azure.net/secrets/DATABASE-URL"
          },
          "sensitive_attributes": [
            [
              {
                "type": "get_attr",
                "value": "value"
              }
            ]
          ],
          "identity_schema_version": 0,
          "private": "eyJlMmJmYjczMC1lY2FhLTExZTYtOGY4OC0zNDM2M2JjN2M0YzAiOnsiY3JlYXRlIjoxODAwMDAwMDAwMDAwLCJkZWxldGUiOjE4MDAwMDAwMDAwMDAsInJlYWQiOjE4MDAwMDAwMDAwMDAsInVwZGF0ZSI6MTgwMDAwMDAwMDAwMH19",
          "dependencies": [
            "azurerm_key_vault.kv",
            "azurerm_resource_group.rg",
            "data.azurerm_client_config.current"
          ]
        }
      ]
    },
    {
      "mode": "managed",
      "type": "azurerm_key_vault_secret",
      "name": "openai",
      "provider": "provider[\"registry.terraform.io/hashicorp/azurerm\"]",
      "instances": [
        {
          "schema_version": 0,
          "attributes": {
            "content_type": "",
            "expiration_date": null,
            "id": "https://jobshaman-vault.vault.azure.net/secrets/OPENAI-API-KEY/19d3b8f84d7c49ef9dc651d0049ab217",
            "key_vault_id": "/subscriptions/11888792-a2ac-495b-b5d4-0210ea95dd52/resourceGroups/jobshaman-prod/providers/Microsoft.KeyVault/vaults/jobshaman-vault",
            "name": "OPENAI-API-KEY",
            "not_before_date": null,
            "resource_id": "/subscriptions/11888792-a2ac-495b-b5d4-0210ea95dd52/resourceGroups/jobshaman-prod/providers/Microsoft.KeyVault/vaults/jobshaman-vault/secrets/OPENAI-API-KEY/versions/19d3b8f84d7c49ef9dc651d0049ab217",
            "resource_versionless_id": "/subscriptions/11888792-a2ac-495b-b5d4-0210ea95dd52/resourceGroups/jobshaman-prod/providers/Microsoft.KeyVault/vaults/jobshaman-vault/secrets/OPENAI-API-KEY",
            "tags": {},
            "timeouts": null,
            "value": "",
            "version": "19d3b8f84d7c49ef9dc651d0049ab217",
            "versionless_id": "https://jobshaman-vault.vault.azure.net/secrets/OPENAI-API-KEY"
          },
          "sensitive_attributes": [
            [
              {
                "type": "get_attr",
                "value": "value"
              }
            ]
          ],
          "identity_schema_version": 0,
          "private": "eyJlMmJmYjczMC1lY2FhLTExZTYtOGY4OC0zNDM2M2JjN2M0YzAiOnsiY3JlYXRlIjoxODAwMDAwMDAwMDAwLCJkZWxldGUiOjE4MDAwMDAwMDAwMDAsInJlYWQiOjE4MDAwMDAwMDAwMDAsInVwZGF0ZSI6MTgwMDAwMDAwMDAwMH19",
          "dependencies": [
            "azurerm_key_vault.kv",
            "azurerm_resource_group.rg",
            "data.azurerm_client_config.current"
          ]
        }
      ]
    },
    {
      "mode": "managed",
      "type": "azurerm_key_vault_secret",
      "name": "sentry",
      "provider": "provider[\"registry.terraform.io/hashicorp/azurerm\"]",
      "instances": [
        {
          "schema_version": 0,
          "attributes": {
            "content_type": "",
            "expiration_date": null,
            "id": "https://jobshaman-vault.vault.azure.net/secrets/SENTRY-DSN/8d7a4233d6f944de94f8e586fbe879a8",
            "key_vault_id": "/subscriptions/11888792-a2ac-495b-b5d4-0210ea95dd52/resourceGroups/jobshaman-prod/providers/Microsoft.KeyVault/vaults/jobshaman-vault",
            "name": "SENTRY-DSN",
            "not_before_date": null,
            "resource_id": "/subscriptions/11888792-a2ac-495b-b5d4-0210ea95dd52/resourceGroups/jobshaman-prod/providers/Microsoft.KeyVault/vaults/jobshaman-vault/secrets/SENTRY-DSN/versions/8d7a4233d6f944de94f8e586fbe879a8",
            "resource_versionless_id": "/subscriptions/11888792-a2ac-495b-b5d4-0210ea95dd52/resourceGroups/jobshaman-prod/providers/Microsoft.KeyVault/vaults/jobshaman-vault/secrets/SENTRY-DSN",
            "tags": {},
            "timeouts": null,
            "value": "",
            "version": "8d7a4233d6f944de94f8e586fbe879a8",
            "versionless_id": "https://jobshaman-vault.vault.azure.net/secrets/SENTRY-DSN"
          },
          "sensitive_attributes": [
            [
              {
                "type": "get_attr",
                "value": "value"
              }
            ]
          ],
          "identity_schema_version": 0,
          "private": "eyJlMmJmYjczMC1lY2FhLTExZTYtOGY4OC0zNDM2M2JjN2M0YzAiOnsiY3JlYXRlIjoxODAwMDAwMDAwMDAwLCJkZWxldGUiOjE4MDAwMDAwMDAwMDAsInJlYWQiOjE4MDAwMDAwMDAwMDAsInVwZGF0ZSI6MTgwMDAwMDAwMDAwMH19",
          "dependencies": [
            "azurerm_key_vault.kv",
            "azurerm_resource_group.rg",
            "data.azurerm_client_config.current"
          ]
        }
      ]
    },
    {
      "mode": "managed",
      "type": "azurerm_resource_group",
      "name": "rg",
      "provider": "provider[\"registry.terraform.io/hashicorp/azurerm\"]",
      "instances": [
        {
          "schema_version": 0,
          "attributes": {
            "id": "/subscriptions/11888792-a2ac-495b-b5d4-0210ea95dd52/resourceGroups/jobshaman-prod",
            "location": "westeurope",
            "managed_by": "",
            "name": "jobshaman-prod",
            "tags": {},
            "timeouts": null
          },
          "sensitive_attributes": [],
          "identity_schema_version": 0,
          "private": "eyJlMmJmYjczMC1lY2FhLTExZTYtOGY4OC0zNDM2M2JjN2M0YzAiOnsiY3JlYXRlIjo1NDAwMDAwMDAwMDAwLCJkZWxldGUiOjU0MDAwMDAwMDAwMDAsInJlYWQiOjMwMDAwMDAwMDAwMCwidXBkYXRlIjo1NDAwMDAwMDAwMDAwfX0="
        }
      ]
    },
    {
      "mode": "managed",
      "type": "random_password",
      "name": "db_password",
      "provider": "provider[\"registry.terraform.io/hashicorp/random\"]",
      "instances": [
        {
          "schema_version": 3,
          "attributes": {
            "bcrypt_hash": "$2a$10$JoDbYew1imn0/6FGFS3bKe7gRyrY9/0YCnhH8kaYZPvnTtrWjoVxS",
            "id": "none",
            "keepers": null,
            "length": 16,
            "lower": true,
            "min_lower": 0,
            "min_numeric": 0,
            "min_special": 0,
            "min_upper": 0,
            "number": true,
            "numeric": true,
            "override_special": null,
            "result": "B{7Q:-1DUfSF9u*R",
            "special": true,
            "upper": true
          },
          "sensitive_attributes": [
            [
              {
                "type": "get_attr",
                "value": "bcrypt_hash"
              }
            ],
            [
              {
                "type": "get_attr",
                "value": "result"
              }
            ]
          ],
          "identity_schema_version": 0
        }
      ]
    }
  ],
  "check_results": null
}
